
Microsoft Visual Studio Solution File, Format Version 12.00
# Visual Studio Version 17
VisualStudioVersion = 17.13.35825.156
MinimumVisualStudioVersion = 10.0.40219.1
Project("{FAE04EC0-301F-11D3-BF4B-00C04F79EFBC}") = "250324_geakchea", "250324_geakchea\250324_geakchea.csproj", "{714EA92E-92F3-4699-BF10-85693C513A5A}"
EndProject
Project("{FAE04EC0-301F-11D3-BF4B-00C04F79EFBC}") = "250324_Memory", "250324_Memory\250324_Memory.csproj", "{B07CE4D9-807E-4995-9BC6-F67385921AFD}"
EndProject
Project("{FAE04EC0-301F-11D3-BF4B-00C04F79EFBC}") = "250324_PP", "250324_PP\250324_PP.csproj", "{5D83C2A6-BC6A-4030-BFEE-E515D92F8686}"
EndProject
Project("{FAE04EC0-301F-11D3-BF4B-00C04F79EFBC}") = "250324_TP", "250324_TP\250324_TP.csproj", "{CE4D14DC-E1B0-4D4A-99ED-6C12B6E576DB}"
EndProject
Project("{FAE04EC0-301F-11D3-BF4B-00C04F79EFBC}") = "250325_Inheritance", "250325_Inheritance\250325_Inheritance.csproj", "{A8D628D2-6573-4F22-9B54-B68828D3BD24}"
EndProject
Project("{FAE04EC0-301F-11D3-BF4B-00C04F79EFBC}") = "poke", "poke\poke.csproj", "{093D7BB5-7112-4EC8-A326-C2DB859A6C7C}"
EndProject
Project("{FAE04EC0-301F-11D3-BF4B-00C04F79EFBC}") = "250324_poke", "250324_poke\250324_poke.csproj", "{F5969E2D-913C-4FBE-8714-1C285A3F24DD}"
EndProject
Project("{FAE04EC0-301F-11D3-BF4B-00C04F79EFBC}") = "250326_Generic", "250326_Generic\250326_Generic.csproj", "{42D5223A-3537-486F-903D-201661BD8431}"
EndProject
Project("{FAE04EC0-301F-11D3-BF4B-00C04F79EFBC}") = "250326_Interface", "250326_Interface\250326_Interface.csproj", "{DDACE383-FFA8-4289-BB44-762D80CBDC44}"
EndProject
Project("{FAE04EC0-301F-11D3-BF4B-00C04F79EFBC}") = "250326_Architecture", "250326_Architecture\250326_Architecture.csproj", "{D0525F7F-51B6-420F-B2AF-63DE61F59242}"
EndProject
Project("{FAE04EC0-301F-11D3-BF4B-00C04F79EFBC}") = "250326_ExtensionMethod", "250326_ExtensionMethod\250326_ExtensionMethod.csproj", "{8EB314DE-E064-4619-8B0E-020FC9B52D2A}"
EndProject
Project("{FAE04EC0-301F-11D3-BF4B-00C04F79EFBC}") = "250326_TP", "250326_TP\250326_TP.csproj", "{C6162450-BE28-4D13-B21A-2CBD5479D286}"
EndProject
Project("{FAE04EC0-301F-11D3-BF4B-00C04F79EFBC}") = "250327_Delegate", "250327_Delegate\250327_Delegate.csproj", "{6FAB9989-8013-4827-812D-E2E780B75261}"
EndProject
Project("{FAE04EC0-301F-11D3-BF4B-00C04F79EFBC}") = "250327_Callback", "250327_Callback\250327_Callback.csproj", "{AF028598-C3FE-4C1B-A726-B8A03A315980}"
EndProject
Project("{FAE04EC0-301F-11D3-BF4B-00C04F79EFBC}") = "250327_Specifier", "250327_Specifier\250327_Specifier.csproj", "{91FA06D3-7035-4650-A07A-1A11B98A2E07}"
EndProject
Project("{FAE04EC0-301F-11D3-BF4B-00C04F79EFBC}") = "250327_Chain", "250327_Chain\250327_Chain.csproj", "{81821B79-2DD5-4FE5-82F3-5895AFE26243}"
EndProject
Project("{FAE04EC0-301F-11D3-BF4B-00C04F79EFBC}") = "250327_Generic", "250327_Generic\250327_Generic.csproj", "{B5F170DE-0F55-4E33-8F7F-8F2ECDAE8623}"
EndProject
Project("{FAE04EC0-301F-11D3-BF4B-00C04F79EFBC}") = "250327_Event", "250327_Event\250327_Event.csproj", "{E29D3E1D-BF4B-4AB8-A431-20ACEA6D23AD}"
EndProject
Project("{FAE04EC0-301F-11D3-BF4B-00C04F79EFBC}") = "250327_Lambda", "250327_Lambda\250327_Lambda.csproj", "{EF5BF4B7-786C-4559-B08A-4ED0D09545DF}"
EndProject
Project("{FAE04EC0-301F-11D3-BF4B-00C04F79EFBC}") = "250327_Additional", "250327_Additional\250327_Additional.csproj", "{43C7C742-CAF6-425A-8B61-3A6C764D6952}"
EndProject
Project("{FAE04EC0-301F-11D3-BF4B-00C04F79EFBC}") = "250327_Property", "250327_Property\250327_Property.csproj", "{D15F89BE-381A-4522-8415-65B2B629F541}"
EndProject
Project("{FAE04EC0-301F-11D3-BF4B-00C04F79EFBC}") = "250327_Architecture", "250327_Architecture\250327_Architecture.csproj", "{638D9B5D-8070-4D7F-B44A-7653FC550D8B}"
EndProject
Project("{FAE04EC0-301F-11D3-BF4B-00C04F79EFBC}") = "250327_Partial", "250327_Partial\250327_Partial.csproj", "{3F685873-C89C-4F8D-8D79-F5C7DF712D34}"
EndProject
Project("{FAE04EC0-301F-11D3-BF4B-00C04F79EFBC}") = "250327_Nullable", "250327_Nullable\250327_Nullable.csproj", "{1C8C5A61-6BB4-4B6F-8D88-B92EDA05E0E6}"
EndProject
Project("{FAE04EC0-301F-11D3-BF4B-00C04F79EFBC}") = "250327_OperatorOverloading", "250327_OperatorOverloading\250327_OperatorOverloading.csproj", "{6E7E9B2A-90E1-48BD-B77A-D9E90E86E644}"
EndProject
Project("{FAE04EC0-301F-11D3-BF4B-00C04F79EFBC}") = "250327_Indexer", "250327_Indexer\250327_Indexer.csproj", "{3EFED0A1-3D11-4CA4-8FCB-60C0B24E9A6A}"
EndProject
Project("{FAE04EC0-301F-11D3-BF4B-00C04F79EFBC}") = "250327_TP", "250327_TP\250327_TP.csproj", "{5979E6F0-5DC2-4E2A-9D72-54DA0D46A726}"
EndProject
Project("{FAE04EC0-301F-11D3-BF4B-00C04F79EFBC}") = "250328_DataStructure", "250328_DataStructure\250328_DataStructure.csproj", "{7AB0BC6C-3FC9-4BF9-B51F-E9B3E78C90EC}"
EndProject
Project("{FAE04EC0-301F-11D3-BF4B-00C04F79EFBC}") = "250328_List", "250328_List\250328_List.csproj", "{3C55FF89-FCCC-42B4-B891-9FA9D92F2B0E}"
EndProject
Project("{FAE04EC0-301F-11D3-BF4B-00C04F79EFBC}") = "250328_LinkedList", "250328_LinkedList\250328_LinkedList.csproj", "{6DCC688C-988C-41DB-8DF2-63D9EE291E3D}"
EndProject
Project("{FAE04EC0-301F-11D3-BF4B-00C04F79EFBC}") = "250328_Stack", "250328_Stack\250328_Stack.csproj", "{E39A4328-9CD7-4C96-A42F-FE7D8FCE46E5}"
EndProject
Project("{FAE04EC0-301F-11D3-BF4B-00C04F79EFBC}") = "250328_Queue", "250328_Queue\250328_Queue.csproj", "{7E80F739-908A-435B-A81C-040DF00B914A}"
EndProject
Project("{FAE04EC0-301F-11D3-BF4B-00C04F79EFBC}") = "250328_TP", "250328_TP\250328_TP.csproj", "{6C0E5B7D-0BDF-46EC-97C4-40D8F7D18353}"
EndProject
Project("{FAE04EC0-301F-11D3-BF4B-00C04F79EFBC}") = "250331_Dictionary", "250331_Dictionary\250331_Dictionary.csproj", "{1C954EF0-0064-448D-84F5-F33931956894}"
EndProject
Project("{FAE04EC0-301F-11D3-BF4B-00C04F79EFBC}") = "250331_Tree", "250331_Tree\250331_Tree.csproj", "{8700AE00-D703-4E16-8799-6C07FBB68EEC}"
EndProject
Project("{FAE04EC0-301F-11D3-BF4B-00C04F79EFBC}") = "250331_Graph", "250331_Grag\250331_Graph.csproj", "{CAAFC648-F305-4E21-ABA4-E2E18E693C8C}"
EndProject
Project("{FAE04EC0-301F-11D3-BF4B-00C04F79EFBC}") = "250331_TP", "250331_TP\250331_TP.csproj", "{90703351-25DE-4AB0-B1A9-3146A3D1B88B}"
EndProject
Project("{FAE04EC0-301F-11D3-BF4B-00C04F79EFBC}") = "250401_TextRPG", "250401_TextRPG\250401_TextRPG.csproj", "{E80E3D49-9D90-44FC-AF93-50CFA0067FE5}"
EndProject
Project("{FAE04EC0-301F-11D3-BF4B-00C04F79EFBC}") = "250402_Algorithm", "250402_Algorithm\250402_Algorithm.csproj", "{1FBCE0BD-DFF3-49D8-B685-D8A6E8D48847}"
EndProject
Project("{FAE04EC0-301F-11D3-BF4B-00C04F79EFBC}") = "250402_Recursion", "250402_Recursion\250402_Recursion.csproj", "{481483DE-AAC1-4C37-AC6C-496B085CC53D}"
EndProject
Project("{FAE04EC0-301F-11D3-BF4B-00C04F79EFBC}") = "250402_Sorting", "250402_Sorting\250402_Sorting.csproj", "{B44A5772-6286-4EC9-809E-F69CAFC4E72C}"
EndProject
Project("{FAE04EC0-301F-11D3-BF4B-00C04F79EFBC}") = "250402_TP", "250402_TP\250402_TP.csproj", "{C4A0568A-2805-4B5B-AAB3-E7A457943D4C}"
EndProject
Project("{FAE04EC0-301F-11D3-BF4B-00C04F79EFBC}") = "250403_Searching", "250403_Searching\250403_Searching.csproj", "{3020B87C-5668-4E15-B607-9DE6BEFC22AE}"
EndProject
Project("{FAE04EC0-301F-11D3-BF4B-00C04F79EFBC}") = "250403_Dijkstra", "250403_Dijkstra\250403_Dijkstra.csproj", "{A441A3DB-348D-4669-9E9D-32222E4B8CAF}"
EndProject
Project("{FAE04EC0-301F-11D3-BF4B-00C04F79EFBC}") = "250404_DesignPattern", "250404_DesignPattern\250404_DesignPattern.csproj", "{70B7853B-802D-47F2-BB22-2A058F38FF5A}"
EndProject
Project("{FAE04EC0-301F-11D3-BF4B-00C04F79EFBC}") = "250404_Builder", "250404_Builder\250404_Builder.csproj", "{DEF56ED6-AC73-4466-B03C-137E9A739DDE}"
EndProject
Project("{FAE04EC0-301F-11D3-BF4B-00C04F79EFBC}") = "250404_TP_Factory", "250404_TP_Factory\250404_TP_Factory.csproj", "{648C45D9-B94A-4605-BFBA-F1822272591C}"
EndProject
Project("{FAE04EC0-301F-11D3-BF4B-00C04F79EFBC}") = "250404_TP_Builder", "250404_TP_Builder\250404_TP_Builder.csproj", "{1E3B1A95-7695-4030-85E4-5CD96BBE810B}"
EndProject
Global
	GlobalSection(SolutionConfigurationPlatforms) = preSolution
		Debug|Any CPU = Debug|Any CPU
		Release|Any CPU = Release|Any CPU
	EndGlobalSection
	GlobalSection(ProjectConfigurationPlatforms) = postSolution
		{714EA92E-92F3-4699-BF10-85693C513A5A}.Debug|Any CPU.ActiveCfg = Debug|Any CPU
		{714EA92E-92F3-4699-BF10-85693C513A5A}.Debug|Any CPU.Build.0 = Debug|Any CPU
		{714EA92E-92F3-4699-BF10-85693C513A5A}.Release|Any CPU.ActiveCfg = Release|Any CPU
		{714EA92E-92F3-4699-BF10-85693C513A5A}.Release|Any CPU.Build.0 = Release|Any CPU
		{B07CE4D9-807E-4995-9BC6-F67385921AFD}.Debug|Any CPU.ActiveCfg = Debug|Any CPU
		{B07CE4D9-807E-4995-9BC6-F67385921AFD}.Debug|Any CPU.Build.0 = Debug|Any CPU
		{B07CE4D9-807E-4995-9BC6-F67385921AFD}.Release|Any CPU.ActiveCfg = Release|Any CPU
		{B07CE4D9-807E-4995-9BC6-F67385921AFD}.Release|Any CPU.Build.0 = Release|Any CPU
		{5D83C2A6-BC6A-4030-BFEE-E515D92F8686}.Debug|Any CPU.ActiveCfg = Debug|Any CPU
		{5D83C2A6-BC6A-4030-BFEE-E515D92F8686}.Debug|Any CPU.Build.0 = Debug|Any CPU
		{5D83C2A6-BC6A-4030-BFEE-E515D92F8686}.Release|Any CPU.ActiveCfg = Release|Any CPU
		{5D83C2A6-BC6A-4030-BFEE-E515D92F8686}.Release|Any CPU.Build.0 = Release|Any CPU
		{CE4D14DC-E1B0-4D4A-99ED-6C12B6E576DB}.Debug|Any CPU.ActiveCfg = Debug|Any CPU
		{CE4D14DC-E1B0-4D4A-99ED-6C12B6E576DB}.Debug|Any CPU.Build.0 = Debug|Any CPU
		{CE4D14DC-E1B0-4D4A-99ED-6C12B6E576DB}.Release|Any CPU.ActiveCfg = Release|Any CPU
		{CE4D14DC-E1B0-4D4A-99ED-6C12B6E576DB}.Release|Any CPU.Build.0 = Release|Any CPU
		{A8D628D2-6573-4F22-9B54-B68828D3BD24}.Debug|Any CPU.ActiveCfg = Debug|Any CPU
		{A8D628D2-6573-4F22-9B54-B68828D3BD24}.Debug|Any CPU.Build.0 = Debug|Any CPU
		{A8D628D2-6573-4F22-9B54-B68828D3BD24}.Release|Any CPU.ActiveCfg = Release|Any CPU
		{A8D628D2-6573-4F22-9B54-B68828D3BD24}.Release|Any CPU.Build.0 = Release|Any CPU
		{093D7BB5-7112-4EC8-A326-C2DB859A6C7C}.Debug|Any CPU.ActiveCfg = Debug|Any CPU
		{093D7BB5-7112-4EC8-A326-C2DB859A6C7C}.Debug|Any CPU.Build.0 = Debug|Any CPU
		{093D7BB5-7112-4EC8-A326-C2DB859A6C7C}.Release|Any CPU.ActiveCfg = Release|Any CPU
		{093D7BB5-7112-4EC8-A326-C2DB859A6C7C}.Release|Any CPU.Build.0 = Release|Any CPU
		{F5969E2D-913C-4FBE-8714-1C285A3F24DD}.Debug|Any CPU.ActiveCfg = Debug|Any CPU
		{F5969E2D-913C-4FBE-8714-1C285A3F24DD}.Debug|Any CPU.Build.0 = Debug|Any CPU
		{F5969E2D-913C-4FBE-8714-1C285A3F24DD}.Release|Any CPU.ActiveCfg = Release|Any CPU
		{F5969E2D-913C-4FBE-8714-1C285A3F24DD}.Release|Any CPU.Build.0 = Release|Any CPU
		{42D5223A-3537-486F-903D-201661BD8431}.Debug|Any CPU.ActiveCfg = Debug|Any CPU
		{42D5223A-3537-486F-903D-201661BD8431}.Debug|Any CPU.Build.0 = Debug|Any CPU
		{42D5223A-3537-486F-903D-201661BD8431}.Release|Any CPU.ActiveCfg = Release|Any CPU
		{42D5223A-3537-486F-903D-201661BD8431}.Release|Any CPU.Build.0 = Release|Any CPU
		{DDACE383-FFA8-4289-BB44-762D80CBDC44}.Debug|Any CPU.ActiveCfg = Debug|Any CPU
		{DDACE383-FFA8-4289-BB44-762D80CBDC44}.Debug|Any CPU.Build.0 = Debug|Any CPU
		{DDACE383-FFA8-4289-BB44-762D80CBDC44}.Release|Any CPU.ActiveCfg = Release|Any CPU
		{DDACE383-FFA8-4289-BB44-762D80CBDC44}.Release|Any CPU.Build.0 = Release|Any CPU
		{D0525F7F-51B6-420F-B2AF-63DE61F59242}.Debug|Any CPU.ActiveCfg = Debug|Any CPU
		{D0525F7F-51B6-420F-B2AF-63DE61F59242}.Debug|Any CPU.Build.0 = Debug|Any CPU
		{D0525F7F-51B6-420F-B2AF-63DE61F59242}.Release|Any CPU.ActiveCfg = Release|Any CPU
		{D0525F7F-51B6-420F-B2AF-63DE61F59242}.Release|Any CPU.Build.0 = Release|Any CPU
		{8EB314DE-E064-4619-8B0E-020FC9B52D2A}.Debug|Any CPU.ActiveCfg = Debug|Any CPU
		{8EB314DE-E064-4619-8B0E-020FC9B52D2A}.Debug|Any CPU.Build.0 = Debug|Any CPU
		{8EB314DE-E064-4619-8B0E-020FC9B52D2A}.Release|Any CPU.ActiveCfg = Release|Any CPU
		{8EB314DE-E064-4619-8B0E-020FC9B52D2A}.Release|Any CPU.Build.0 = Release|Any CPU
		{C6162450-BE28-4D13-B21A-2CBD5479D286}.Debug|Any CPU.ActiveCfg = Debug|Any CPU
		{C6162450-BE28-4D13-B21A-2CBD5479D286}.Debug|Any CPU.Build.0 = Debug|Any CPU
		{C6162450-BE28-4D13-B21A-2CBD5479D286}.Release|Any CPU.ActiveCfg = Release|Any CPU
		{C6162450-BE28-4D13-B21A-2CBD5479D286}.Release|Any CPU.Build.0 = Release|Any CPU
		{6FAB9989-8013-4827-812D-E2E780B75261}.Debug|Any CPU.ActiveCfg = Debug|Any CPU
		{6FAB9989-8013-4827-812D-E2E780B75261}.Debug|Any CPU.Build.0 = Debug|Any CPU
		{6FAB9989-8013-4827-812D-E2E780B75261}.Release|Any CPU.ActiveCfg = Release|Any CPU
		{6FAB9989-8013-4827-812D-E2E780B75261}.Release|Any CPU.Build.0 = Release|Any CPU
		{AF028598-C3FE-4C1B-A726-B8A03A315980}.Debug|Any CPU.ActiveCfg = Debug|Any CPU
		{AF028598-C3FE-4C1B-A726-B8A03A315980}.Debug|Any CPU.Build.0 = Debug|Any CPU
		{AF028598-C3FE-4C1B-A726-B8A03A315980}.Release|Any CPU.ActiveCfg = Release|Any CPU
		{AF028598-C3FE-4C1B-A726-B8A03A315980}.Release|Any CPU.Build.0 = Release|Any CPU
		{91FA06D3-7035-4650-A07A-1A11B98A2E07}.Debug|Any CPU.ActiveCfg = Debug|Any CPU
		{91FA06D3-7035-4650-A07A-1A11B98A2E07}.Debug|Any CPU.Build.0 = Debug|Any CPU
		{91FA06D3-7035-4650-A07A-1A11B98A2E07}.Release|Any CPU.ActiveCfg = Release|Any CPU
		{91FA06D3-7035-4650-A07A-1A11B98A2E07}.Release|Any CPU.Build.0 = Release|Any CPU
		{81821B79-2DD5-4FE5-82F3-5895AFE26243}.Debug|Any CPU.ActiveCfg = Debug|Any CPU
		{81821B79-2DD5-4FE5-82F3-5895AFE26243}.Debug|Any CPU.Build.0 = Debug|Any CPU
		{81821B79-2DD5-4FE5-82F3-5895AFE26243}.Release|Any CPU.ActiveCfg = Release|Any CPU
		{81821B79-2DD5-4FE5-82F3-5895AFE26243}.Release|Any CPU.Build.0 = Release|Any CPU
		{B5F170DE-0F55-4E33-8F7F-8F2ECDAE8623}.Debug|Any CPU.ActiveCfg = Debug|Any CPU
		{B5F170DE-0F55-4E33-8F7F-8F2ECDAE8623}.Debug|Any CPU.Build.0 = Debug|Any CPU
		{B5F170DE-0F55-4E33-8F7F-8F2ECDAE8623}.Release|Any CPU.ActiveCfg = Release|Any CPU
		{B5F170DE-0F55-4E33-8F7F-8F2ECDAE8623}.Release|Any CPU.Build.0 = Release|Any CPU
		{E29D3E1D-BF4B-4AB8-A431-20ACEA6D23AD}.Debug|Any CPU.ActiveCfg = Debug|Any CPU
		{E29D3E1D-BF4B-4AB8-A431-20ACEA6D23AD}.Debug|Any CPU.Build.0 = Debug|Any CPU
		{E29D3E1D-BF4B-4AB8-A431-20ACEA6D23AD}.Release|Any CPU.ActiveCfg = Release|Any CPU
		{E29D3E1D-BF4B-4AB8-A431-20ACEA6D23AD}.Release|Any CPU.Build.0 = Release|Any CPU
		{EF5BF4B7-786C-4559-B08A-4ED0D09545DF}.Debug|Any CPU.ActiveCfg = Debug|Any CPU
		{EF5BF4B7-786C-4559-B08A-4ED0D09545DF}.Debug|Any CPU.Build.0 = Debug|Any CPU
		{EF5BF4B7-786C-4559-B08A-4ED0D09545DF}.Release|Any CPU.ActiveCfg = Release|Any CPU
		{EF5BF4B7-786C-4559-B08A-4ED0D09545DF}.Release|Any CPU.Build.0 = Release|Any CPU
		{43C7C742-CAF6-425A-8B61-3A6C764D6952}.Debug|Any CPU.ActiveCfg = Debug|Any CPU
		{43C7C742-CAF6-425A-8B61-3A6C764D6952}.Debug|Any CPU.Build.0 = Debug|Any CPU
		{43C7C742-CAF6-425A-8B61-3A6C764D6952}.Release|Any CPU.ActiveCfg = Release|Any CPU
		{43C7C742-CAF6-425A-8B61-3A6C764D6952}.Release|Any CPU.Build.0 = Release|Any CPU
		{D15F89BE-381A-4522-8415-65B2B629F541}.Debug|Any CPU.ActiveCfg = Debug|Any CPU
		{D15F89BE-381A-4522-8415-65B2B629F541}.Debug|Any CPU.Build.0 = Debug|Any CPU
		{D15F89BE-381A-4522-8415-65B2B629F541}.Release|Any CPU.ActiveCfg = Release|Any CPU
		{D15F89BE-381A-4522-8415-65B2B629F541}.Release|Any CPU.Build.0 = Release|Any CPU
		{638D9B5D-8070-4D7F-B44A-7653FC550D8B}.Debug|Any CPU.ActiveCfg = Debug|Any CPU
		{638D9B5D-8070-4D7F-B44A-7653FC550D8B}.Debug|Any CPU.Build.0 = Debug|Any CPU
		{638D9B5D-8070-4D7F-B44A-7653FC550D8B}.Release|Any CPU.ActiveCfg = Release|Any CPU
		{638D9B5D-8070-4D7F-B44A-7653FC550D8B}.Release|Any CPU.Build.0 = Release|Any CPU
		{3F685873-C89C-4F8D-8D79-F5C7DF712D34}.Debug|Any CPU.ActiveCfg = Debug|Any CPU
		{3F685873-C89C-4F8D-8D79-F5C7DF712D34}.Debug|Any CPU.Build.0 = Debug|Any CPU
		{3F685873-C89C-4F8D-8D79-F5C7DF712D34}.Release|Any CPU.ActiveCfg = Release|Any CPU
		{3F685873-C89C-4F8D-8D79-F5C7DF712D34}.Release|Any CPU.Build.0 = Release|Any CPU
		{1C8C5A61-6BB4-4B6F-8D88-B92EDA05E0E6}.Debug|Any CPU.ActiveCfg = Debug|Any CPU
		{1C8C5A61-6BB4-4B6F-8D88-B92EDA05E0E6}.Debug|Any CPU.Build.0 = Debug|Any CPU
		{1C8C5A61-6BB4-4B6F-8D88-B92EDA05E0E6}.Release|Any CPU.ActiveCfg = Release|Any CPU
		{1C8C5A61-6BB4-4B6F-8D88-B92EDA05E0E6}.Release|Any CPU.Build.0 = Release|Any CPU
		{6E7E9B2A-90E1-48BD-B77A-D9E90E86E644}.Debug|Any CPU.ActiveCfg = Debug|Any CPU
		{6E7E9B2A-90E1-48BD-B77A-D9E90E86E644}.Debug|Any CPU.Build.0 = Debug|Any CPU
		{6E7E9B2A-90E1-48BD-B77A-D9E90E86E644}.Release|Any CPU.ActiveCfg = Release|Any CPU
		{6E7E9B2A-90E1-48BD-B77A-D9E90E86E644}.Release|Any CPU.Build.0 = Release|Any CPU
		{3EFED0A1-3D11-4CA4-8FCB-60C0B24E9A6A}.Debug|Any CPU.ActiveCfg = Debug|Any CPU
		{3EFED0A1-3D11-4CA4-8FCB-60C0B24E9A6A}.Debug|Any CPU.Build.0 = Debug|Any CPU
		{3EFED0A1-3D11-4CA4-8FCB-60C0B24E9A6A}.Release|Any CPU.ActiveCfg = Release|Any CPU
		{3EFED0A1-3D11-4CA4-8FCB-60C0B24E9A6A}.Release|Any CPU.Build.0 = Release|Any CPU
		{5979E6F0-5DC2-4E2A-9D72-54DA0D46A726}.Debug|Any CPU.ActiveCfg = Debug|Any CPU
		{5979E6F0-5DC2-4E2A-9D72-54DA0D46A726}.Debug|Any CPU.Build.0 = Debug|Any CPU
		{5979E6F0-5DC2-4E2A-9D72-54DA0D46A726}.Release|Any CPU.ActiveCfg = Release|Any CPU
		{5979E6F0-5DC2-4E2A-9D72-54DA0D46A726}.Release|Any CPU.Build.0 = Release|Any CPU
		{7AB0BC6C-3FC9-4BF9-B51F-E9B3E78C90EC}.Debug|Any CPU.ActiveCfg = Debug|Any CPU
		{7AB0BC6C-3FC9-4BF9-B51F-E9B3E78C90EC}.Debug|Any CPU.Build.0 = Debug|Any CPU
		{7AB0BC6C-3FC9-4BF9-B51F-E9B3E78C90EC}.Release|Any CPU.ActiveCfg = Release|Any CPU
		{7AB0BC6C-3FC9-4BF9-B51F-E9B3E78C90EC}.Release|Any CPU.Build.0 = Release|Any CPU
		{3C55FF89-FCCC-42B4-B891-9FA9D92F2B0E}.Debug|Any CPU.ActiveCfg = Debug|Any CPU
		{3C55FF89-FCCC-42B4-B891-9FA9D92F2B0E}.Debug|Any CPU.Build.0 = Debug|Any CPU
		{3C55FF89-FCCC-42B4-B891-9FA9D92F2B0E}.Release|Any CPU.ActiveCfg = Release|Any CPU
		{3C55FF89-FCCC-42B4-B891-9FA9D92F2B0E}.Release|Any CPU.Build.0 = Release|Any CPU
		{6DCC688C-988C-41DB-8DF2-63D9EE291E3D}.Debug|Any CPU.ActiveCfg = Debug|Any CPU
		{6DCC688C-988C-41DB-8DF2-63D9EE291E3D}.Debug|Any CPU.Build.0 = Debug|Any CPU
		{6DCC688C-988C-41DB-8DF2-63D9EE291E3D}.Release|Any CPU.ActiveCfg = Release|Any CPU
		{6DCC688C-988C-41DB-8DF2-63D9EE291E3D}.Release|Any CPU.Build.0 = Release|Any CPU
		{E39A4328-9CD7-4C96-A42F-FE7D8FCE46E5}.Debug|Any CPU.ActiveCfg = Debug|Any CPU
		{E39A4328-9CD7-4C96-A42F-FE7D8FCE46E5}.Debug|Any CPU.Build.0 = Debug|Any CPU
		{E39A4328-9CD7-4C96-A42F-FE7D8FCE46E5}.Release|Any CPU.ActiveCfg = Release|Any CPU
		{E39A4328-9CD7-4C96-A42F-FE7D8FCE46E5}.Release|Any CPU.Build.0 = Release|Any CPU
		{7E80F739-908A-435B-A81C-040DF00B914A}.Debug|Any CPU.ActiveCfg = Debug|Any CPU
		{7E80F739-908A-435B-A81C-040DF00B914A}.Debug|Any CPU.Build.0 = Debug|Any CPU
		{7E80F739-908A-435B-A81C-040DF00B914A}.Release|Any CPU.ActiveCfg = Release|Any CPU
		{7E80F739-908A-435B-A81C-040DF00B914A}.Release|Any CPU.Build.0 = Release|Any CPU
		{6C0E5B7D-0BDF-46EC-97C4-40D8F7D18353}.Debug|Any CPU.ActiveCfg = Debug|Any CPU
		{6C0E5B7D-0BDF-46EC-97C4-40D8F7D18353}.Debug|Any CPU.Build.0 = Debug|Any CPU
		{6C0E5B7D-0BDF-46EC-97C4-40D8F7D18353}.Release|Any CPU.ActiveCfg = Release|Any CPU
		{6C0E5B7D-0BDF-46EC-97C4-40D8F7D18353}.Release|Any CPU.Build.0 = Release|Any CPU
		{1C954EF0-0064-448D-84F5-F33931956894}.Debug|Any CPU.ActiveCfg = Debug|Any CPU
		{1C954EF0-0064-448D-84F5-F33931956894}.Debug|Any CPU.Build.0 = Debug|Any CPU
		{1C954EF0-0064-448D-84F5-F33931956894}.Release|Any CPU.ActiveCfg = Release|Any CPU
		{1C954EF0-0064-448D-84F5-F33931956894}.Release|Any CPU.Build.0 = Release|Any CPU
		{8700AE00-D703-4E16-8799-6C07FBB68EEC}.Debug|Any CPU.ActiveCfg = Debug|Any CPU
		{8700AE00-D703-4E16-8799-6C07FBB68EEC}.Debug|Any CPU.Build.0 = Debug|Any CPU
		{8700AE00-D703-4E16-8799-6C07FBB68EEC}.Release|Any CPU.ActiveCfg = Release|Any CPU
		{8700AE00-D703-4E16-8799-6C07FBB68EEC}.Release|Any CPU.Build.0 = Release|Any CPU
		{CAAFC648-F305-4E21-ABA4-E2E18E693C8C}.Debug|Any CPU.ActiveCfg = Debug|Any CPU
		{CAAFC648-F305-4E21-ABA4-E2E18E693C8C}.Debug|Any CPU.Build.0 = Debug|Any CPU
		{CAAFC648-F305-4E21-ABA4-E2E18E693C8C}.Release|Any CPU.ActiveCfg = Release|Any CPU
		{CAAFC648-F305-4E21-ABA4-E2E18E693C8C}.Release|Any CPU.Build.0 = Release|Any CPU
		{90703351-25DE-4AB0-B1A9-3146A3D1B88B}.Debug|Any CPU.ActiveCfg = Debug|Any CPU
		{90703351-25DE-4AB0-B1A9-3146A3D1B88B}.Debug|Any CPU.Build.0 = Debug|Any CPU
		{90703351-25DE-4AB0-B1A9-3146A3D1B88B}.Release|Any CPU.ActiveCfg = Release|Any CPU
		{90703351-25DE-4AB0-B1A9-3146A3D1B88B}.Release|Any CPU.Build.0 = Release|Any CPU
		{E80E3D49-9D90-44FC-AF93-50CFA0067FE5}.Debug|Any CPU.ActiveCfg = Debug|Any CPU
		{E80E3D49-9D90-44FC-AF93-50CFA0067FE5}.Debug|Any CPU.Build.0 = Debug|Any CPU
		{E80E3D49-9D90-44FC-AF93-50CFA0067FE5}.Release|Any CPU.ActiveCfg = Release|Any CPU
		{E80E3D49-9D90-44FC-AF93-50CFA0067FE5}.Release|Any CPU.Build.0 = Release|Any CPU
		{1FBCE0BD-DFF3-49D8-B685-D8A6E8D48847}.Debug|Any CPU.ActiveCfg = Debug|Any CPU
		{1FBCE0BD-DFF3-49D8-B685-D8A6E8D48847}.Debug|Any CPU.Build.0 = Debug|Any CPU
		{1FBCE0BD-DFF3-49D8-B685-D8A6E8D48847}.Release|Any CPU.ActiveCfg = Release|Any CPU
		{1FBCE0BD-DFF3-49D8-B685-D8A6E8D48847}.Release|Any CPU.Build.0 = Release|Any CPU
		{481483DE-AAC1-4C37-AC6C-496B085CC53D}.Debug|Any CPU.ActiveCfg = Debug|Any CPU
		{481483DE-AAC1-4C37-AC6C-496B085CC53D}.Debug|Any CPU.Build.0 = Debug|Any CPU
		{481483DE-AAC1-4C37-AC6C-496B085CC53D}.Release|Any CPU.ActiveCfg = Release|Any CPU
		{481483DE-AAC1-4C37-AC6C-496B085CC53D}.Release|Any CPU.Build.0 = Release|Any CPU
		{B44A5772-6286-4EC9-809E-F69CAFC4E72C}.Debug|Any CPU.ActiveCfg = Debug|Any CPU
		{B44A5772-6286-4EC9-809E-F69CAFC4E72C}.Debug|Any CPU.Build.0 = Debug|Any CPU
		{B44A5772-6286-4EC9-809E-F69CAFC4E72C}.Release|Any CPU.ActiveCfg = Release|Any CPU
		{B44A5772-6286-4EC9-809E-F69CAFC4E72C}.Release|Any CPU.Build.0 = Release|Any CPU
		{C4A0568A-2805-4B5B-AAB3-E7A457943D4C}.Debug|Any CPU.ActiveCfg = Debug|Any CPU
		{C4A0568A-2805-4B5B-AAB3-E7A457943D4C}.Debug|Any CPU.Build.0 = Debug|Any CPU
		{C4A0568A-2805-4B5B-AAB3-E7A457943D4C}.Release|Any CPU.ActiveCfg = Release|Any CPU
		{C4A0568A-2805-4B5B-AAB3-E7A457943D4C}.Release|Any CPU.Build.0 = Release|Any CPU
		{3020B87C-5668-4E15-B607-9DE6BEFC22AE}.Debug|Any CPU.ActiveCfg = Debug|Any CPU
		{3020B87C-5668-4E15-B607-9DE6BEFC22AE}.Debug|Any CPU.Build.0 = Debug|Any CPU
		{3020B87C-5668-4E15-B607-9DE6BEFC22AE}.Release|Any CPU.ActiveCfg = Release|Any CPU
		{3020B87C-5668-4E15-B607-9DE6BEFC22AE}.Release|Any CPU.Build.0 = Release|Any CPU
		{A441A3DB-348D-4669-9E9D-32222E4B8CAF}.Debug|Any CPU.ActiveCfg = Debug|Any CPU
		{A441A3DB-348D-4669-9E9D-32222E4B8CAF}.Debug|Any CPU.Build.0 = Debug|Any CPU
		{A441A3DB-348D-4669-9E9D-32222E4B8CAF}.Release|Any CPU.ActiveCfg = Release|Any CPU
		{A441A3DB-348D-4669-9E9D-32222E4B8CAF}.Release|Any CPU.Build.0 = Release|Any CPU
		{70B7853B-802D-47F2-BB22-2A058F38FF5A}.Debug|Any CPU.ActiveCfg = Debug|Any CPU
		{70B7853B-802D-47F2-BB22-2A058F38FF5A}.Debug|Any CPU.Build.0 = Debug|Any CPU
		{70B7853B-802D-47F2-BB22-2A058F38FF5A}.Release|Any CPU.ActiveCfg = Release|Any CPU
		{70B7853B-802D-47F2-BB22-2A058F38FF5A}.Release|Any CPU.Build.0 = Release|Any CPU
		{DEF56ED6-AC73-4466-B03C-137E9A739DDE}.Debug|Any CPU.ActiveCfg = Debug|Any CPU
		{DEF56ED6-AC73-4466-B03C-137E9A739DDE}.Debug|Any CPU.Build.0 = Debug|Any CPU
		{DEF56ED6-AC73-4466-B03C-137E9A739DDE}.Release|Any CPU.ActiveCfg = Release|Any CPU
		{DEF56ED6-AC73-4466-B03C-137E9A739DDE}.Release|Any CPU.Build.0 = Release|Any CPU
		{648C45D9-B94A-4605-BFBA-F1822272591C}.Debug|Any CPU.ActiveCfg = Debug|Any CPU
		{648C45D9-B94A-4605-BFBA-F1822272591C}.Debug|Any CPU.Build.0 = Debug|Any CPU
		{648C45D9-B94A-4605-BFBA-F1822272591C}.Release|Any CPU.ActiveCfg = Release|Any CPU
		{648C45D9-B94A-4605-BFBA-F1822272591C}.Release|Any CPU.Build.0 = Release|Any CPU
		{1E3B1A95-7695-4030-85E4-5CD96BBE810B}.Debug|Any CPU.ActiveCfg = Debug|Any CPU
		{1E3B1A95-7695-4030-85E4-5CD96BBE810B}.Debug|Any CPU.Build.0 = Debug|Any CPU
		{1E3B1A95-7695-4030-85E4-5CD96BBE810B}.Release|Any CPU.ActiveCfg = Release|Any CPU
		{1E3B1A95-7695-4030-85E4-5CD96BBE810B}.Release|Any CPU.Build.0 = Release|Any CPU
	EndGlobalSection
	GlobalSection(SolutionProperties) = preSolution
		HideSolutionNode = FALSE
	EndGlobalSection
	GlobalSection(ExtensibilityGlobals) = postSolution
		SolutionGuid = {BCE422D3-C1DE-4B2F-94D9-8FF5C9C443F6}
	EndGlobalSection
EndGlobal
