
Microsoft Visual Studio Solution File, Format Version 12.00
# Visual Studio Version 17
VisualStudioVersion = 17.13.35825.156
MinimumVisualStudioVersion = 10.0.40219.1
Project("{FAE04EC0-301F-11D3-BF4B-00C04F79EFBC}") = "250324_geakchea", "250324_geakchea\250324_geakchea.csproj", "{714EA92E-92F3-4699-BF10-85693C513A5A}"
EndProject
Project("{FAE04EC0-301F-11D3-BF4B-00C04F79EFBC}") = "250324_Memory", "250324_Memory\250324_Memory.csproj", "{B07CE4D9-807E-4995-9BC6-F67385921AFD}"
EndProject
Project("{FAE04EC0-301F-11D3-BF4B-00C04F79EFBC}") = "250324_PP", "250324_PP\250324_PP.csproj", "{5D83C2A6-BC6A-4030-BFEE-E515D92F8686}"
EndProject
Project("{FAE04EC0-301F-11D3-BF4B-00C04F79EFBC}") = "250324_TP", "250324_TP\250324_TP.csproj", "{CE4D14DC-E1B0-4D4A-99ED-6C12B6E576DB}"
EndProject
Project("{FAE04EC0-301F-11D3-BF4B-00C04F79EFBC}") = "250325_Inheritance", "250325_Inheritance\250325_Inheritance.csproj", "{A8D628D2-6573-4F22-9B54-B68828D3BD24}"
EndProject
Project("{FAE04EC0-301F-11D3-BF4B-00C04F79EFBC}") = "poke", "poke\poke.csproj", "{093D7BB5-7112-4EC8-A326-C2DB859A6C7C}"
EndProject
Project("{FAE04EC0-301F-11D3-BF4B-00C04F79EFBC}") = "250324_poke", "250324_poke\250324_poke.csproj", "{F5969E2D-913C-4FBE-8714-1C285A3F24DD}"
EndProject
Project("{FAE04EC0-301F-11D3-BF4B-00C04F79EFBC}") = "250326_Generic", "250326_Generic\250326_Generic.csproj", "{42D5223A-3537-486F-903D-201661BD8431}"
EndProject
Project("{FAE04EC0-301F-11D3-BF4B-00C04F79EFBC}") = "250326_Interface", "250326_Interface\250326_Interface.csproj", "{DDACE383-FFA8-4289-BB44-762D80CBDC44}"
EndProject
Project("{FAE04EC0-301F-11D3-BF4B-00C04F79EFBC}") = "250326_Architecture", "250326_Architecture\250326_Architecture.csproj", "{D0525F7F-51B6-420F-B2AF-63DE61F59242}"
EndProject
Project("{FAE04EC0-301F-11D3-BF4B-00C04F79EFBC}") = "250326_ExtensionMethod", "250326_ExtensionMethod\250326_ExtensionMethod.csproj", "{8EB314DE-E064-4619-8B0E-020FC9B52D2A}"
EndProject
Project("{FAE04EC0-301F-11D3-BF4B-00C04F79EFBC}") = "250326_TP", "250326_TP\250326_TP.csproj", "{C6162450-BE28-4D13-B21A-2CBD5479D286}"
EndProject
Project("{FAE04EC0-301F-11D3-BF4B-00C04F79EFBC}") = "250327_Delegate", "250327_Delegate\250327_Delegate.csproj", "{6FAB9989-8013-4827-812D-E2E780B75261}"
EndProject
Project("{FAE04EC0-301F-11D3-BF4B-00C04F79EFBC}") = "250327_Callback", "250327_Callback\250327_Callback.csproj", "{AF028598-C3FE-4C1B-A726-B8A03A315980}"
EndProject
Project("{FAE04EC0-301F-11D3-BF4B-00C04F79EFBC}") = "250327_Specifier", "250327_Specifier\250327_Specifier.csproj", "{91FA06D3-7035-4650-A07A-1A11B98A2E07}"
EndProject
Project("{FAE04EC0-301F-11D3-BF4B-00C04F79EFBC}") = "250327_Chain", "250327_Chain\250327_Chain.csproj", "{81821B79-2DD5-4FE5-82F3-5895AFE26243}"
EndProject
Project("{FAE04EC0-301F-11D3-BF4B-00C04F79EFBC}") = "250327_Generic", "250327_Generic\250327_Generic.csproj", "{B5F170DE-0F55-4E33-8F7F-8F2ECDAE8623}"
EndProject
Project("{FAE04EC0-301F-11D3-BF4B-00C04F79EFBC}") = "250327_Event", "250327_Event\250327_Event.csproj", "{E29D3E1D-BF4B-4AB8-A431-20ACEA6D23AD}"
EndProject
Project("{FAE04EC0-301F-11D3-BF4B-00C04F79EFBC}") = "250327_Lambda", "250327_Lambda\250327_Lambda.csproj", "{EF5BF4B7-786C-4559-B08A-4ED0D09545DF}"
EndProject
Project("{FAE04EC0-301F-11D3-BF4B-00C04F79EFBC}") = "250327_Additional", "250327_Additional\250327_Additional.csproj", "{43C7C742-CAF6-425A-8B61-3A6C764D6952}"
EndProject
Project("{FAE04EC0-301F-11D3-BF4B-00C04F79EFBC}") = "250327_Property", "250327_Property\250327_Property.csproj", "{D15F89BE-381A-4522-8415-65B2B629F541}"
EndProject
Project("{FAE04EC0-301F-11D3-BF4B-00C04F79EFBC}") = "250327_Architecture", "250327_Architecture\250327_Architecture.csproj", "{638D9B5D-8070-4D7F-B44A-7653FC550D8B}"
EndProject
Project("{FAE04EC0-301F-11D3-BF4B-00C04F79EFBC}") = "250327_Partial", "250327_Partial\250327_Partial.csproj", "{3F685873-C89C-4F8D-8D79-F5C7DF712D34}"
EndProject
Project("{FAE04EC0-301F-11D3-BF4B-00C04F79EFBC}") = "250327_Nullable", "250327_Nullable\250327_Nullable.csproj", "{1C8C5A61-6BB4-4B6F-8D88-B92EDA05E0E6}"
EndProject
Project("{FAE04EC0-301F-11D3-BF4B-00C04F79EFBC}") = "250327_OperatorOverloading", "250327_OperatorOverloading\250327_OperatorOverloading.csproj", "{6E7E9B2A-90E1-48BD-B77A-D9E90E86E644}"
EndProject
Project("{FAE04EC0-301F-11D3-BF4B-00C04F79EFBC}") = "250327_Indexer", "250327_Indexer\250327_Indexer.csproj", "{3EFED0A1-3D11-4CA4-8FCB-60C0B24E9A6A}"
EndProject
Project("{FAE04EC0-301F-11D3-BF4B-00C04F79EFBC}") = "250327_TP", "250327_TP\250327_TP.csproj", "{5979E6F0-5DC2-4E2A-9D72-54DA0D46A726}"
EndProject
Global
	GlobalSection(SolutionConfigurationPlatforms) = preSolution
		Debug|Any CPU = Debug|Any CPU
		Release|Any CPU = Release|Any CPU
	EndGlobalSection
	GlobalSection(ProjectConfigurationPlatforms) = postSolution
		{714EA92E-92F3-4699-BF10-85693C513A5A}.Debug|Any CPU.ActiveCfg = Debug|Any CPU
		{714EA92E-92F3-4699-BF10-85693C513A5A}.Debug|Any CPU.Build.0 = Debug|Any CPU
		{714EA92E-92F3-4699-BF10-85693C513A5A}.Release|Any CPU.ActiveCfg = Release|Any CPU
		{714EA92E-92F3-4699-BF10-85693C513A5A}.Release|Any CPU.Build.0 = Release|Any CPU
		{B07CE4D9-807E-4995-9BC6-F67385921AFD}.Debug|Any CPU.ActiveCfg = Debug|Any CPU
		{B07CE4D9-807E-4995-9BC6-F67385921AFD}.Debug|Any CPU.Build.0 = Debug|Any CPU
		{B07CE4D9-807E-4995-9BC6-F67385921AFD}.Release|Any CPU.ActiveCfg = Release|Any CPU
		{B07CE4D9-807E-4995-9BC6-F67385921AFD}.Release|Any CPU.Build.0 = Release|Any CPU
		{5D83C2A6-BC6A-4030-BFEE-E515D92F8686}.Debug|Any CPU.ActiveCfg = Debug|Any CPU
		{5D83C2A6-BC6A-4030-BFEE-E515D92F8686}.Debug|Any CPU.Build.0 = Debug|Any CPU
		{5D83C2A6-BC6A-4030-BFEE-E515D92F8686}.Release|Any CPU.ActiveCfg = Release|Any CPU
		{5D83C2A6-BC6A-4030-BFEE-E515D92F8686}.Release|Any CPU.Build.0 = Release|Any CPU
		{CE4D14DC-E1B0-4D4A-99ED-6C12B6E576DB}.Debug|Any CPU.ActiveCfg = Debug|Any CPU
		{CE4D14DC-E1B0-4D4A-99ED-6C12B6E576DB}.Debug|Any CPU.Build.0 = Debug|Any CPU
		{CE4D14DC-E1B0-4D4A-99ED-6C12B6E576DB}.Release|Any CPU.ActiveCfg = Release|Any CPU
		{CE4D14DC-E1B0-4D4A-99ED-6C12B6E576DB}.Release|Any CPU.Build.0 = Release|Any CPU
		{A8D628D2-6573-4F22-9B54-B68828D3BD24}.Debug|Any CPU.ActiveCfg = Debug|Any CPU
		{A8D628D2-6573-4F22-9B54-B68828D3BD24}.Debug|Any CPU.Build.0 = Debug|Any CPU
		{A8D628D2-6573-4F22-9B54-B68828D3BD24}.Release|Any CPU.ActiveCfg = Release|Any CPU
		{A8D628D2-6573-4F22-9B54-B68828D3BD24}.Release|Any CPU.Build.0 = Release|Any CPU
		{093D7BB5-7112-4EC8-A326-C2DB859A6C7C}.Debug|Any CPU.ActiveCfg = Debug|Any CPU
		{093D7BB5-7112-4EC8-A326-C2DB859A6C7C}.Debug|Any CPU.Build.0 = Debug|Any CPU
		{093D7BB5-7112-4EC8-A326-C2DB859A6C7C}.Release|Any CPU.ActiveCfg = Release|Any CPU
		{093D7BB5-7112-4EC8-A326-C2DB859A6C7C}.Release|Any CPU.Build.0 = Release|Any CPU
		{F5969E2D-913C-4FBE-8714-1C285A3F24DD}.Debug|Any CPU.ActiveCfg = Debug|Any CPU
		{F5969E2D-913C-4FBE-8714-1C285A3F24DD}.Debug|Any CPU.Build.0 = Debug|Any CPU
		{F5969E2D-913C-4FBE-8714-1C285A3F24DD}.Release|Any CPU.ActiveCfg = Release|Any CPU
		{F5969E2D-913C-4FBE-8714-1C285A3F24DD}.Release|Any CPU.Build.0 = Release|Any CPU
		{42D5223A-3537-486F-903D-201661BD8431}.Debug|Any CPU.ActiveCfg = Debug|Any CPU
		{42D5223A-3537-486F-903D-201661BD8431}.Debug|Any CPU.Build.0 = Debug|Any CPU
		{42D5223A-3537-486F-903D-201661BD8431}.Release|Any CPU.ActiveCfg = Release|Any CPU
		{42D5223A-3537-486F-903D-201661BD8431}.Release|Any CPU.Build.0 = Release|Any CPU
		{DDACE383-FFA8-4289-BB44-762D80CBDC44}.Debug|Any CPU.ActiveCfg = Debug|Any CPU
		{DDACE383-FFA8-4289-BB44-762D80CBDC44}.Debug|Any CPU.Build.0 = Debug|Any CPU
		{DDACE383-FFA8-4289-BB44-762D80CBDC44}.Release|Any CPU.ActiveCfg = Release|Any CPU
		{DDACE383-FFA8-4289-BB44-762D80CBDC44}.Release|Any CPU.Build.0 = Release|Any CPU
		{D0525F7F-51B6-420F-B2AF-63DE61F59242}.Debug|Any CPU.ActiveCfg = Debug|Any CPU
		{D0525F7F-51B6-420F-B2AF-63DE61F59242}.Debug|Any CPU.Build.0 = Debug|Any CPU
		{D0525F7F-51B6-420F-B2AF-63DE61F59242}.Release|Any CPU.ActiveCfg = Release|Any CPU
		{D0525F7F-51B6-420F-B2AF-63DE61F59242}.Release|Any CPU.Build.0 = Release|Any CPU
		{8EB314DE-E064-4619-8B0E-020FC9B52D2A}.Debug|Any CPU.ActiveCfg = Debug|Any CPU
		{8EB314DE-E064-4619-8B0E-020FC9B52D2A}.Debug|Any CPU.Build.0 = Debug|Any CPU
		{8EB314DE-E064-4619-8B0E-020FC9B52D2A}.Release|Any CPU.ActiveCfg = Release|Any CPU
		{8EB314DE-E064-4619-8B0E-020FC9B52D2A}.Release|Any CPU.Build.0 = Release|Any CPU
		{C6162450-BE28-4D13-B21A-2CBD5479D286}.Debug|Any CPU.ActiveCfg = Debug|Any CPU
		{C6162450-BE28-4D13-B21A-2CBD5479D286}.Debug|Any CPU.Build.0 = Debug|Any CPU
		{C6162450-BE28-4D13-B21A-2CBD5479D286}.Release|Any CPU.ActiveCfg = Release|Any CPU
		{C6162450-BE28-4D13-B21A-2CBD5479D286}.Release|Any CPU.Build.0 = Release|Any CPU
		{6FAB9989-8013-4827-812D-E2E780B75261}.Debug|Any CPU.ActiveCfg = Debug|Any CPU
		{6FAB9989-8013-4827-812D-E2E780B75261}.Debug|Any CPU.Build.0 = Debug|Any CPU
		{6FAB9989-8013-4827-812D-E2E780B75261}.Release|Any CPU.ActiveCfg = Release|Any CPU
		{6FAB9989-8013-4827-812D-E2E780B75261}.Release|Any CPU.Build.0 = Release|Any CPU
		{AF028598-C3FE-4C1B-A726-B8A03A315980}.Debug|Any CPU.ActiveCfg = Debug|Any CPU
		{AF028598-C3FE-4C1B-A726-B8A03A315980}.Debug|Any CPU.Build.0 = Debug|Any CPU
		{AF028598-C3FE-4C1B-A726-B8A03A315980}.Release|Any CPU.ActiveCfg = Release|Any CPU
		{AF028598-C3FE-4C1B-A726-B8A03A315980}.Release|Any CPU.Build.0 = Release|Any CPU
		{91FA06D3-7035-4650-A07A-1A11B98A2E07}.Debug|Any CPU.ActiveCfg = Debug|Any CPU
		{91FA06D3-7035-4650-A07A-1A11B98A2E07}.Debug|Any CPU.Build.0 = Debug|Any CPU
		{91FA06D3-7035-4650-A07A-1A11B98A2E07}.Release|Any CPU.ActiveCfg = Release|Any CPU
		{91FA06D3-7035-4650-A07A-1A11B98A2E07}.Release|Any CPU.Build.0 = Release|Any CPU
		{81821B79-2DD5-4FE5-82F3-5895AFE26243}.Debug|Any CPU.ActiveCfg = Debug|Any CPU
		{81821B79-2DD5-4FE5-82F3-5895AFE26243}.Debug|Any CPU.Build.0 = Debug|Any CPU
		{81821B79-2DD5-4FE5-82F3-5895AFE26243}.Release|Any CPU.ActiveCfg = Release|Any CPU
		{81821B79-2DD5-4FE5-82F3-5895AFE26243}.Release|Any CPU.Build.0 = Release|Any CPU
		{B5F170DE-0F55-4E33-8F7F-8F2ECDAE8623}.Debug|Any CPU.ActiveCfg = Debug|Any CPU
		{B5F170DE-0F55-4E33-8F7F-8F2ECDAE8623}.Debug|Any CPU.Build.0 = Debug|Any CPU
		{B5F170DE-0F55-4E33-8F7F-8F2ECDAE8623}.Release|Any CPU.ActiveCfg = Release|Any CPU
		{B5F170DE-0F55-4E33-8F7F-8F2ECDAE8623}.Release|Any CPU.Build.0 = Release|Any CPU
		{E29D3E1D-BF4B-4AB8-A431-20ACEA6D23AD}.Debug|Any CPU.ActiveCfg = Debug|Any CPU
		{E29D3E1D-BF4B-4AB8-A431-20ACEA6D23AD}.Debug|Any CPU.Build.0 = Debug|Any CPU
		{E29D3E1D-BF4B-4AB8-A431-20ACEA6D23AD}.Release|Any CPU.ActiveCfg = Release|Any CPU
		{E29D3E1D-BF4B-4AB8-A431-20ACEA6D23AD}.Release|Any CPU.Build.0 = Release|Any CPU
		{EF5BF4B7-786C-4559-B08A-4ED0D09545DF}.Debug|Any CPU.ActiveCfg = Debug|Any CPU
		{EF5BF4B7-786C-4559-B08A-4ED0D09545DF}.Debug|Any CPU.Build.0 = Debug|Any CPU
		{EF5BF4B7-786C-4559-B08A-4ED0D09545DF}.Release|Any CPU.ActiveCfg = Release|Any CPU
		{EF5BF4B7-786C-4559-B08A-4ED0D09545DF}.Release|Any CPU.Build.0 = Release|Any CPU
		{43C7C742-CAF6-425A-8B61-3A6C764D6952}.Debug|Any CPU.ActiveCfg = Debug|Any CPU
		{43C7C742-CAF6-425A-8B61-3A6C764D6952}.Debug|Any CPU.Build.0 = Debug|Any CPU
		{43C7C742-CAF6-425A-8B61-3A6C764D6952}.Release|Any CPU.ActiveCfg = Release|Any CPU
		{43C7C742-CAF6-425A-8B61-3A6C764D6952}.Release|Any CPU.Build.0 = Release|Any CPU
		{D15F89BE-381A-4522-8415-65B2B629F541}.Debug|Any CPU.ActiveCfg = Debug|Any CPU
		{D15F89BE-381A-4522-8415-65B2B629F541}.Debug|Any CPU.Build.0 = Debug|Any CPU
		{D15F89BE-381A-4522-8415-65B2B629F541}.Release|Any CPU.ActiveCfg = Release|Any CPU
		{D15F89BE-381A-4522-8415-65B2B629F541}.Release|Any CPU.Build.0 = Release|Any CPU
		{638D9B5D-8070-4D7F-B44A-7653FC550D8B}.Debug|Any CPU.ActiveCfg = Debug|Any CPU
		{638D9B5D-8070-4D7F-B44A-7653FC550D8B}.Debug|Any CPU.Build.0 = Debug|Any CPU
		{638D9B5D-8070-4D7F-B44A-7653FC550D8B}.Release|Any CPU.ActiveCfg = Release|Any CPU
		{638D9B5D-8070-4D7F-B44A-7653FC550D8B}.Release|Any CPU.Build.0 = Release|Any CPU
		{3F685873-C89C-4F8D-8D79-F5C7DF712D34}.Debug|Any CPU.ActiveCfg = Debug|Any CPU
		{3F685873-C89C-4F8D-8D79-F5C7DF712D34}.Debug|Any CPU.Build.0 = Debug|Any CPU
		{3F685873-C89C-4F8D-8D79-F5C7DF712D34}.Release|Any CPU.ActiveCfg = Release|Any CPU
		{3F685873-C89C-4F8D-8D79-F5C7DF712D34}.Release|Any CPU.Build.0 = Release|Any CPU
		{1C8C5A61-6BB4-4B6F-8D88-B92EDA05E0E6}.Debug|Any CPU.ActiveCfg = Debug|Any CPU
		{1C8C5A61-6BB4-4B6F-8D88-B92EDA05E0E6}.Debug|Any CPU.Build.0 = Debug|Any CPU
		{1C8C5A61-6BB4-4B6F-8D88-B92EDA05E0E6}.Release|Any CPU.ActiveCfg = Release|Any CPU
		{1C8C5A61-6BB4-4B6F-8D88-B92EDA05E0E6}.Release|Any CPU.Build.0 = Release|Any CPU
		{6E7E9B2A-90E1-48BD-B77A-D9E90E86E644}.Debug|Any CPU.ActiveCfg = Debug|Any CPU
		{6E7E9B2A-90E1-48BD-B77A-D9E90E86E644}.Debug|Any CPU.Build.0 = Debug|Any CPU
		{6E7E9B2A-90E1-48BD-B77A-D9E90E86E644}.Release|Any CPU.ActiveCfg = Release|Any CPU
		{6E7E9B2A-90E1-48BD-B77A-D9E90E86E644}.Release|Any CPU.Build.0 = Release|Any CPU
		{3EFED0A1-3D11-4CA4-8FCB-60C0B24E9A6A}.Debug|Any CPU.ActiveCfg = Debug|Any CPU
		{3EFED0A1-3D11-4CA4-8FCB-60C0B24E9A6A}.Debug|Any CPU.Build.0 = Debug|Any CPU
		{3EFED0A1-3D11-4CA4-8FCB-60C0B24E9A6A}.Release|Any CPU.ActiveCfg = Release|Any CPU
		{3EFED0A1-3D11-4CA4-8FCB-60C0B24E9A6A}.Release|Any CPU.Build.0 = Release|Any CPU
		{5979E6F0-5DC2-4E2A-9D72-54DA0D46A726}.Debug|Any CPU.ActiveCfg = Debug|Any CPU
		{5979E6F0-5DC2-4E2A-9D72-54DA0D46A726}.Debug|Any CPU.Build.0 = Debug|Any CPU
		{5979E6F0-5DC2-4E2A-9D72-54DA0D46A726}.Release|Any CPU.ActiveCfg = Release|Any CPU
		{5979E6F0-5DC2-4E2A-9D72-54DA0D46A726}.Release|Any CPU.Build.0 = Release|Any CPU
	EndGlobalSection
	GlobalSection(SolutionProperties) = preSolution
		HideSolutionNode = FALSE
	EndGlobalSection
	GlobalSection(ExtensibilityGlobals) = postSolution
		SolutionGuid = {BCE422D3-C1DE-4B2F-94D9-8FF5C9C443F6}
	EndGlobalSection
EndGlobal
