
Microsoft Visual Studio Solution File, Format Version 12.00
# Visual Studio Version 17
VisualStudioVersion = 17.13.35825.156 d17.13
MinimumVisualStudioVersion = 10.0.40219.1
Project("{FAE04EC0-301F-11D3-BF4B-00C04F79EFBC}") = "ConseProject", "ConseProject\ConseProject.csproj", "{A0696E6B-A8D9-416E-A592-1FF23EB39DCC}"
EndProject
Global
	GlobalSection(SolutionConfigurationPlatforms) = preSolution
		Debug|Any CPU = Debug|Any CPU
		Release|Any CPU = Release|Any CPU
	EndGlobalSection
	GlobalSection(ProjectConfigurationPlatforms) = postSolution
		{A0696E6B-A8D9-416E-A592-1FF23EB39DCC}.Debug|Any CPU.ActiveCfg = Debug|Any CPU
		{A0696E6B-A8D9-416E-A592-1FF23EB39DCC}.Debug|Any CPU.Build.0 = Debug|Any CPU
		{A0696E6B-A8D9-416E-A592-1FF23EB39DCC}.Release|Any CPU.ActiveCfg = Release|Any CPU
		{A0696E6B-A8D9-416E-A592-1FF23EB39DCC}.Release|Any CPU.Build.0 = Release|Any CPU
	EndGlobalSection
	GlobalSection(SolutionProperties) = preSolution
		HideSolutionNode = FALSE
	EndGlobalSection
	GlobalSection(ExtensibilityGlobals) = postSolution
		SolutionGuid = {6C5C92F8-0BFA-4781-B163-2378A42DE938}
	EndGlobalSection
EndGlobal
